dependencies:
- name: postgresql
  repository: https://charts.bitnami.com/bitnami
  version: 8.1.0
- name: rabbitmq
  repository: https://charts.bitnami.com/bitnami
  version: 6.16.3
- name: redis
  repository: https://charts.bitnami.com/bitnami
  version: 12.7.4
digest: sha256:e6a09c5c7c5277fc738dd35acb07ff22d4b7cc0695ead451bd140a6b2dfa0e43
generated: "2021-02-15T15:34:48.412088-05:00"
