# THIS IS AN AUTOGENERATED FILE. DO NOT EDIT THIS FILE DIRECTLY.
# yarn lockfile v1


new-github-issue-url@^0.2.1:
  version "0.2.1"
  resolved "https://registry.yarnpkg.com/new-github-issue-url/-/new-github-issue-url-0.2.1.tgz#e17be1f665a92de465926603e44b9f8685630c1d"
  integrity sha512-md4cGoxuT4T4d/HDOXbrUHkTKrp/vp+m3aOA7XXVYwNsUNMK49g3SQicTSeV5GIz/5QVGAeYRAOlyp9OvlgsYA==
